
Microsoft Visual Studio Solution File, Format Version 11.00
# Visual Studio 2010
Project("{FAE04EC0-301F-11D3-BF4B-00C04F79EFBC}") = "Assembly-CSharp", "Assembly-CSharp.csproj", "{81446B23-6D5B-941E-F75C-BA1EF2F225B9}"
EndProject
Project("{FAE04EC0-301F-11D3-BF4B-00C04F79EFBC}") = "Assembly-CSharp-Editor", "Assembly-CSharp-Editor.csproj", "{D3E806FA-9909-828D-9EC2-81F1032F99C8}"
EndProject
Global
	GlobalSection(SolutionConfigurationPlatforms) = preSolution
		Debug|Any CPU = Debug|Any CPU
		Release|Any CPU = Release|Any CPU
	EndGlobalSection
	GlobalSection(ProjectConfigurationPlatforms) = postSolution
		{81446B23-6D5B-941E-F75C-BA1EF2F225B9}.Debug|Any CPU.ActiveCfg = Debug|Any CPU
		{81446B23-6D5B-941E-F75C-BA1EF2F225B9}.Debug|Any CPU.Build.0 = Debug|Any CPU
		{81446B23-6D5B-941E-F75C-BA1EF2F225B9}.Release|Any CPU.ActiveCfg = Release|Any CPU
		{81446B23-6D5B-941E-F75C-BA1EF2F225B9}.Release|Any CPU.Build.0 = Release|Any CPU
		{D3E806FA-9909-828D-9EC2-81F1032F99C8}.Debug|Any CPU.ActiveCfg = Debug|Any CPU
		{D3E806FA-9909-828D-9EC2-81F1032F99C8}.Debug|Any CPU.Build.0 = Debug|Any CPU
		{D3E806FA-9909-828D-9EC2-81F1032F99C8}.Release|Any CPU.ActiveCfg = Release|Any CPU
		{D3E806FA-9909-828D-9EC2-81F1032F99C8}.Release|Any CPU.Build.0 = Release|Any CPU
	EndGlobalSection
	GlobalSection(SolutionProperties) = preSolution
		HideSolutionNode = FALSE
	EndGlobalSection
	GlobalSection(MonoDevelopProperties) = preSolution
		StartupItem = Assembly-CSharp.csproj
	EndGlobalSection
EndGlobal
